{
    "_meta": {
        "hash": {
            "sha256": "3acdf3df4d24e12819a27a20c8d575106e721b71909e42fab6ee91666d0f9b90"
        },
        "pipfile-spec": 6,
        "requires": {
            "python_version": "3.9"
        },
        "sources": [
            {
                "name": "pypi",
                "url": "https://pypi.org/simple",
                "verify_ssl": true
            }
        ]
    },
    "default": {
        "sv-ttk": {
            "hashes": [
                "sha256:3fd440396c95e30e88f686fcf28be425480f7320d6bf346f9cea5d6f56702cc2",
                "sha256:4319c52edf2e14732fe84bdc9788e26f9e9a1ad79451ec0f89f0120ffc8105d9"
            ],
            "index": "pypi",
            "markers": "python_version >= '3.8'",
            "version": "==2.6.0"
        }
    },
    "develop": {}
}
